
Microsoft Visual Studio Solution File, Format Version 12.00
# Visual Studio Version 16
VisualStudioVersion = 16.0.31229.75
MinimumVisualStudioVersion = 10.0.40219.1
Project("{8BC9CEB8-8B4A-11D0-8D11-00A0C91BC942}") = "tinyxml2", "tinyxml2.vcxproj", "{7C72653A-E6F8-4584-B553-DE3A0AEE4356}"
EndProject
Global
	GlobalSection(SolutionConfigurationPlatforms) = preSolution
		Debug|x64 = Debug|x64
		Debug|x86 = Debug|x86
		Release|x64 = Release|x64
		Release|x86 = Release|x86
	EndGlobalSection
	GlobalSection(ProjectConfigurationPlatforms) = postSolution
		{7C72653A-E6F8-4584-B553-DE3A0AEE4356}.Debug|x64.ActiveCfg = Debug|x64
		{7C72653A-E6F8-4584-B553-DE3A0AEE4356}.Debug|x64.Build.0 = Debug|x64
		{7C72653A-E6F8-4584-B553-DE3A0AEE4356}.Debug|x86.ActiveCfg = Debug|Win32
		{7C72653A-E6F8-4584-B553-DE3A0AEE4356}.Debug|x86.Build.0 = Debug|Win32
		{7C72653A-E6F8-4584-B553-DE3A0AEE4356}.Release|x64.ActiveCfg = Release|x64
		{7C72653A-E6F8-4584-B553-DE3A0AEE4356}.Release|x64.Build.0 = Release|x64
		{7C72653A-E6F8-4584-B553-DE3A0AEE4356}.Release|x86.ActiveCfg = Release|Win32
		{7C72653A-E6F8-4584-B553-DE3A0AEE4356}.Release|x86.Build.0 = Release|Win32
	EndGlobalSection
	GlobalSection(SolutionProperties) = preSolution
		HideSolutionNode = FALSE
	EndGlobalSection
	GlobalSection(ExtensibilityGlobals) = postSolution
		SolutionGuid = {8F57874D-F373-476E-93F5-EB09D74866E8}
	EndGlobalSection
EndGlobal
